
Microsoft Visual Studio Solution File, Format Version 12.00
# Visual Studio 15
VisualStudioVersion = 15.0.28307.329
MinimumVisualStudioVersion = 10.0.40219.1
Project("{FAE04EC0-301F-11D3-BF4B-00C04F79EFBC}") = "DownloadManager", "DownloadManager\DownloadManager.csproj", "{2EACC8C1-2386-4CBE-9C69-20141AF58BC3}"
EndProject
Global
	GlobalSection(SolutionConfigurationPlatforms) = preSolution
		Debug|Any CPU = Debug|Any CPU
		Release|Any CPU = Release|Any CPU
	EndGlobalSection
	GlobalSection(ProjectConfigurationPlatforms) = postSolution
		{2EACC8C1-2386-4CBE-9C69-20141AF58BC3}.Debug|Any CPU.ActiveCfg = Debug|Any CPU
		{2EACC8C1-2386-4CBE-9C69-20141AF58BC3}.Debug|Any CPU.Build.0 = Debug|Any CPU
		{2EACC8C1-2386-4CBE-9C69-20141AF58BC3}.Release|Any CPU.ActiveCfg = Release|Any CPU
		{2EACC8C1-2386-4CBE-9C69-20141AF58BC3}.Release|Any CPU.Build.0 = Release|Any CPU
	EndGlobalSection
	GlobalSection(SolutionProperties) = preSolution
		HideSolutionNode = FALSE
	EndGlobalSection
	GlobalSection(ExtensibilityGlobals) = postSolution
		SolutionGuid = {55CD5939-2B31-4A8E-8AA6-A6DAC2B90975}
	EndGlobalSection
EndGlobal
